
Microsoft Visual Studio Solution File, Format Version 12.00
# Visual Studio Version 17
VisualStudioVersion = 17.8.34322.80
MinimumVisualStudioVersion = 10.0.40219.1
Project("{8BC9CEB8-8B4A-11D0-8D11-00A0C91BC942}") = "Lab1_SBList", "Lab1_SBList\Lab1_SBList.vcxproj", "{3E49ECAB-D740-49A7-AE3C-B512C7AEC916}"
EndProject
Project("{8BC9CEB8-8B4A-11D0-8D11-00A0C91BC942}") = "PZ1_Recursion", "PZ1_Recursion\PZ1_Recursion.vcxproj", "{E31B91E2-0AF3-446C-AF0D-53D1B15F8F77}"
EndProject
Project("{8BC9CEB8-8B4A-11D0-8D11-00A0C91BC942}") = "PZ2_Structs", "PZ2_Structs\PZ2_Structs.vcxproj", "{69760C03-2B77-407B-AC82-E40AB6B85276}"
EndProject
Project("{8BC9CEB8-8B4A-11D0-8D11-00A0C91BC942}") = "PZ3_List", "PZ3_List\PZ3_List.vcxproj", "{711BBC61-562C-4CE8-B62E-E318B19ECDC3}"
	ProjectSection(ProjectDependencies) = postProject
		{69760C03-2B77-407B-AC82-E40AB6B85276} = {69760C03-2B77-407B-AC82-E40AB6B85276}
	EndProjectSection
EndProject
Project("{8BC9CEB8-8B4A-11D0-8D11-00A0C91BC942}") = "Lab2_BST", "Lab2_BST\Lab2_BST.vcxproj", "{CC09D4D4-D07C-4E2E-BF5A-8F029875FD10}"
	ProjectSection(ProjectDependencies) = postProject
		{69760C03-2B77-407B-AC82-E40AB6B85276} = {69760C03-2B77-407B-AC82-E40AB6B85276}
		{711BBC61-562C-4CE8-B62E-E318B19ECDC3} = {711BBC61-562C-4CE8-B62E-E318B19ECDC3}
	EndProjectSection
EndProject
Project("{8BC9CEB8-8B4A-11D0-8D11-00A0C91BC942}") = "PZ4_Queue", "PZ4_Queue\PZ4_Queue.vcxproj", "{D21F59F1-438C-4315-8BA2-893F77C853E1}"
EndProject
Project("{8BC9CEB8-8B4A-11D0-8D11-00A0C91BC942}") = "Lab3_Class", "Lab3_Class\Lab3_Class.vcxproj", "{F988CE27-71BA-4F30-B714-12B6AB81C997}"
EndProject
Project("{8BC9CEB8-8B4A-11D0-8D11-00A0C91BC942}") = "PZ5_Files", "PZ5_Files\PZ5_Files.vcxproj", "{D31B9BB3-7DF0-4AE2-84E3-43E63717E2A6}"
EndProject
Global
	GlobalSection(SolutionConfigurationPlatforms) = preSolution
		Debug|x64 = Debug|x64
		Debug|x86 = Debug|x86
		Release|x64 = Release|x64
		Release|x86 = Release|x86
	EndGlobalSection
	GlobalSection(ProjectConfigurationPlatforms) = postSolution
		{3E49ECAB-D740-49A7-AE3C-B512C7AEC916}.Debug|x64.ActiveCfg = Debug|x64
		{3E49ECAB-D740-49A7-AE3C-B512C7AEC916}.Debug|x64.Build.0 = Debug|x64
		{3E49ECAB-D740-49A7-AE3C-B512C7AEC916}.Debug|x86.ActiveCfg = Debug|Win32
		{3E49ECAB-D740-49A7-AE3C-B512C7AEC916}.Debug|x86.Build.0 = Debug|Win32
		{3E49ECAB-D740-49A7-AE3C-B512C7AEC916}.Release|x64.ActiveCfg = Release|x64
		{3E49ECAB-D740-49A7-AE3C-B512C7AEC916}.Release|x64.Build.0 = Release|x64
		{3E49ECAB-D740-49A7-AE3C-B512C7AEC916}.Release|x86.ActiveCfg = Release|Win32
		{3E49ECAB-D740-49A7-AE3C-B512C7AEC916}.Release|x86.Build.0 = Release|Win32
		{E31B91E2-0AF3-446C-AF0D-53D1B15F8F77}.Debug|x64.ActiveCfg = Debug|x64
		{E31B91E2-0AF3-446C-AF0D-53D1B15F8F77}.Debug|x64.Build.0 = Debug|x64
		{E31B91E2-0AF3-446C-AF0D-53D1B15F8F77}.Debug|x86.ActiveCfg = Debug|Win32
		{E31B91E2-0AF3-446C-AF0D-53D1B15F8F77}.Debug|x86.Build.0 = Debug|Win32
		{E31B91E2-0AF3-446C-AF0D-53D1B15F8F77}.Release|x64.ActiveCfg = Release|x64
		{E31B91E2-0AF3-446C-AF0D-53D1B15F8F77}.Release|x64.Build.0 = Release|x64
		{E31B91E2-0AF3-446C-AF0D-53D1B15F8F77}.Release|x86.ActiveCfg = Release|Win32
		{E31B91E2-0AF3-446C-AF0D-53D1B15F8F77}.Release|x86.Build.0 = Release|Win32
		{69760C03-2B77-407B-AC82-E40AB6B85276}.Debug|x64.ActiveCfg = Debug|x64
		{69760C03-2B77-407B-AC82-E40AB6B85276}.Debug|x64.Build.0 = Debug|x64
		{69760C03-2B77-407B-AC82-E40AB6B85276}.Debug|x86.ActiveCfg = Debug|Win32
		{69760C03-2B77-407B-AC82-E40AB6B85276}.Debug|x86.Build.0 = Debug|Win32
		{69760C03-2B77-407B-AC82-E40AB6B85276}.Release|x64.ActiveCfg = Release|x64
		{69760C03-2B77-407B-AC82-E40AB6B85276}.Release|x64.Build.0 = Release|x64
		{69760C03-2B77-407B-AC82-E40AB6B85276}.Release|x86.ActiveCfg = Release|Win32
		{69760C03-2B77-407B-AC82-E40AB6B85276}.Release|x86.Build.0 = Release|Win32
		{711BBC61-562C-4CE8-B62E-E318B19ECDC3}.Debug|x64.ActiveCfg = Debug|x64
		{711BBC61-562C-4CE8-B62E-E318B19ECDC3}.Debug|x64.Build.0 = Debug|x64
		{711BBC61-562C-4CE8-B62E-E318B19ECDC3}.Debug|x86.ActiveCfg = Debug|Win32
		{711BBC61-562C-4CE8-B62E-E318B19ECDC3}.Debug|x86.Build.0 = Debug|Win32
		{711BBC61-562C-4CE8-B62E-E318B19ECDC3}.Release|x64.ActiveCfg = Release|x64
		{711BBC61-562C-4CE8-B62E-E318B19ECDC3}.Release|x64.Build.0 = Release|x64
		{711BBC61-562C-4CE8-B62E-E318B19ECDC3}.Release|x86.ActiveCfg = Release|Win32
		{711BBC61-562C-4CE8-B62E-E318B19ECDC3}.Release|x86.Build.0 = Release|Win32
		{CC09D4D4-D07C-4E2E-BF5A-8F029875FD10}.Debug|x64.ActiveCfg = Debug|x64
		{CC09D4D4-D07C-4E2E-BF5A-8F029875FD10}.Debug|x64.Build.0 = Debug|x64
		{CC09D4D4-D07C-4E2E-BF5A-8F029875FD10}.Debug|x86.ActiveCfg = Debug|Win32
		{CC09D4D4-D07C-4E2E-BF5A-8F029875FD10}.Debug|x86.Build.0 = Debug|Win32
		{CC09D4D4-D07C-4E2E-BF5A-8F029875FD10}.Release|x64.ActiveCfg = Release|x64
		{CC09D4D4-D07C-4E2E-BF5A-8F029875FD10}.Release|x64.Build.0 = Release|x64
		{CC09D4D4-D07C-4E2E-BF5A-8F029875FD10}.Release|x86.ActiveCfg = Release|Win32
		{CC09D4D4-D07C-4E2E-BF5A-8F029875FD10}.Release|x86.Build.0 = Release|Win32
		{D21F59F1-438C-4315-8BA2-893F77C853E1}.Debug|x64.ActiveCfg = Debug|x64
		{D21F59F1-438C-4315-8BA2-893F77C853E1}.Debug|x64.Build.0 = Debug|x64
		{D21F59F1-438C-4315-8BA2-893F77C853E1}.Debug|x86.ActiveCfg = Debug|Win32
		{D21F59F1-438C-4315-8BA2-893F77C853E1}.Debug|x86.Build.0 = Debug|Win32
		{D21F59F1-438C-4315-8BA2-893F77C853E1}.Release|x64.ActiveCfg = Release|x64
		{D21F59F1-438C-4315-8BA2-893F77C853E1}.Release|x64.Build.0 = Release|x64
		{D21F59F1-438C-4315-8BA2-893F77C853E1}.Release|x86.ActiveCfg = Release|Win32
		{D21F59F1-438C-4315-8BA2-893F77C853E1}.Release|x86.Build.0 = Release|Win32
		{F988CE27-71BA-4F30-B714-12B6AB81C997}.Debug|x64.ActiveCfg = Debug|x64
		{F988CE27-71BA-4F30-B714-12B6AB81C997}.Debug|x64.Build.0 = Debug|x64
		{F988CE27-71BA-4F30-B714-12B6AB81C997}.Debug|x86.ActiveCfg = Debug|Win32
		{F988CE27-71BA-4F30-B714-12B6AB81C997}.Debug|x86.Build.0 = Debug|Win32
		{F988CE27-71BA-4F30-B714-12B6AB81C997}.Release|x64.ActiveCfg = Release|x64
		{F988CE27-71BA-4F30-B714-12B6AB81C997}.Release|x64.Build.0 = Release|x64
		{F988CE27-71BA-4F30-B714-12B6AB81C997}.Release|x86.ActiveCfg = Release|Win32
		{F988CE27-71BA-4F30-B714-12B6AB81C997}.Release|x86.Build.0 = Release|Win32
		{D31B9BB3-7DF0-4AE2-84E3-43E63717E2A6}.Debug|x64.ActiveCfg = Debug|x64
		{D31B9BB3-7DF0-4AE2-84E3-43E63717E2A6}.Debug|x64.Build.0 = Debug|x64
		{D31B9BB3-7DF0-4AE2-84E3-43E63717E2A6}.Debug|x86.ActiveCfg = Debug|Win32
		{D31B9BB3-7DF0-4AE2-84E3-43E63717E2A6}.Debug|x86.Build.0 = Debug|Win32
		{D31B9BB3-7DF0-4AE2-84E3-43E63717E2A6}.Release|x64.ActiveCfg = Release|x64
		{D31B9BB3-7DF0-4AE2-84E3-43E63717E2A6}.Release|x64.Build.0 = Release|x64
		{D31B9BB3-7DF0-4AE2-84E3-43E63717E2A6}.Release|x86.ActiveCfg = Release|Win32
		{D31B9BB3-7DF0-4AE2-84E3-43E63717E2A6}.Release|x86.Build.0 = Release|Win32
	EndGlobalSection
	GlobalSection(SolutionProperties) = preSolution
		HideSolutionNode = FALSE
	EndGlobalSection
	GlobalSection(ExtensibilityGlobals) = postSolution
		SolutionGuid = {9EE2E828-550E-479F-B8CD-2364042883DA}
	EndGlobalSection
EndGlobal
